
Microsoft Visual Studio Solution File, Format Version 12.00
# Visual Studio Version 16
VisualStudioVersion = 16.0.31729.503
MinimumVisualStudioVersion = 10.0.40219.1
Project("{FAE04EC0-301F-11D3-BF4B-00C04F79EFBC}") = "KioskFileWatcher", "KioskFileWatcher\KioskFileWatcher.csproj", "{CA758821-34AB-4845-B40D-52A66C3B5037}"
EndProject
Global
	GlobalSection(SolutionConfigurationPlatforms) = preSolution
		Debug|Any CPU = Debug|Any CPU
		Release|Any CPU = Release|Any CPU
	EndGlobalSection
	GlobalSection(ProjectConfigurationPlatforms) = postSolution
		{CA758821-34AB-4845-B40D-52A66C3B5037}.Debug|Any CPU.ActiveCfg = Debug|Any CPU
		{CA758821-34AB-4845-B40D-52A66C3B5037}.Debug|Any CPU.Build.0 = Debug|Any CPU
		{CA758821-34AB-4845-B40D-52A66C3B5037}.Release|Any CPU.ActiveCfg = Release|Any CPU
		{CA758821-34AB-4845-B40D-52A66C3B5037}.Release|Any CPU.Build.0 = Release|Any CPU
	EndGlobalSection
	GlobalSection(SolutionProperties) = preSolution
		HideSolutionNode = FALSE
	EndGlobalSection
	GlobalSection(ExtensibilityGlobals) = postSolution
		SolutionGuid = {C57FBE95-A907-4F39-96DB-2EBF322F0D51}
	EndGlobalSection
EndGlobal
